
Microsoft Visual Studio Solution File, Format Version 12.00
# Visual Studio Version 17
VisualStudioVersion = 17.13.35818.85 d17.13
MinimumVisualStudioVersion = 10.0.40219.1
Project("{FAE04EC0-301F-11D3-BF4B-00C04F79EFBC}") = "C#Project", "C#Project\C#Project.csproj", "{FB19D6E1-B01A-4A77-B9F3-78EFADCE9CFD}"
EndProject
Global
	GlobalSection(SolutionConfigurationPlatforms) = preSolution
		Debug|Any CPU = Debug|Any CPU
		Release|Any CPU = Release|Any CPU
	EndGlobalSection
	GlobalSection(ProjectConfigurationPlatforms) = postSolution
		{FB19D6E1-B01A-4A77-B9F3-78EFADCE9CFD}.Debug|Any CPU.ActiveCfg = Debug|Any CPU
		{FB19D6E1-B01A-4A77-B9F3-78EFADCE9CFD}.Debug|Any CPU.Build.0 = Debug|Any CPU
		{FB19D6E1-B01A-4A77-B9F3-78EFADCE9CFD}.Release|Any CPU.ActiveCfg = Release|Any CPU
		{FB19D6E1-B01A-4A77-B9F3-78EFADCE9CFD}.Release|Any CPU.Build.0 = Release|Any CPU
	EndGlobalSection
	GlobalSection(SolutionProperties) = preSolution
		HideSolutionNode = FALSE
	EndGlobalSection
	GlobalSection(ExtensibilityGlobals) = postSolution
		SolutionGuid = {AF1F599D-2EF1-46CD-83B2-B9ADD42EBC87}
	EndGlobalSection
EndGlobal
